
Microsoft Visual Studio Solution File, Format Version 12.00
# Visual Studio 2012
Project("{FAE04EC0-301F-11D3-BF4B-00C04F79EFBC}") = "NetExam", "NetExam\NetExam.csproj", "{A2CC7874-2F31-4623-8178-E66F7B069003}"
EndProject
Project("{FAE04EC0-301F-11D3-BF4B-00C04F79EFBC}") = "NetExam.UITests", "NetExam.UITests\NetExam.UITests.csproj", "{EDDA3D1D-EA98-47D5-872F-20868BA28EC6}"
EndProject
Global
	GlobalSection(SolutionConfigurationPlatforms) = preSolution
		Debug|Any CPU = Debug|Any CPU
		Release|Any CPU = Release|Any CPU
	EndGlobalSection
	GlobalSection(ProjectConfigurationPlatforms) = postSolution
		{A2CC7874-2F31-4623-8178-E66F7B069003}.Debug|Any CPU.ActiveCfg = Debug|Any CPU
		{A2CC7874-2F31-4623-8178-E66F7B069003}.Debug|Any CPU.Build.0 = Debug|Any CPU
		{A2CC7874-2F31-4623-8178-E66F7B069003}.Release|Any CPU.ActiveCfg = Release|Any CPU
		{A2CC7874-2F31-4623-8178-E66F7B069003}.Release|Any CPU.Build.0 = Release|Any CPU
		{EDDA3D1D-EA98-47D5-872F-20868BA28EC6}.Debug|Any CPU.ActiveCfg = Debug|Any CPU
		{EDDA3D1D-EA98-47D5-872F-20868BA28EC6}.Debug|Any CPU.Build.0 = Debug|Any CPU
		{EDDA3D1D-EA98-47D5-872F-20868BA28EC6}.Release|Any CPU.ActiveCfg = Release|Any CPU
		{EDDA3D1D-EA98-47D5-872F-20868BA28EC6}.Release|Any CPU.Build.0 = Release|Any CPU
	EndGlobalSection
EndGlobal
